dependencies:
- name: kafka
  repository: https://charts.bitnami.com/bitnami
  version: 19.1.5
- name: zookeeper
  repository: https://charts.bitnami.com/bitnami
  version: 11.0.0
- name: kube-prometheus
  repository: https://charts.bitnami.com/bitnami
  version: 8.2.2
- name: grafana
  repository: https://charts.bitnami.com/bitnami
  version: 8.2.20
- name: kminion
  repository: https://raw.githubusercontent.com/haje01/kminion/master/charts/patched
  version: 0.10.0
- name: kubernetes-dashboard
  repository: https://kubernetes.github.io/dashboard/
  version: 5.11.0
- name: kafka-ui
  repository: https://provectus.github.io/kafka-ui
  version: 0.4.6
digest: sha256:26fe883dccc885d2e475546afe1847040f7587dead5626cfbef32bf07ed8d1ed
generated: "2022-12-08T12:43:44.3894309+09:00"
